{
  "name": "supply-chain-scan-fixture",
  "version": "1.0.0",
  "lockfileVersion": 3,
  "requires": true,
  "packages": {
    "": {
      "name": "supply-chain-scan-fixture",
      "version": "1.0.0",
      "devDependencies": {
        "cdp-see": "1.0.0"
      }
    },
    "node_modules/cdp-see": {
      "version": "1.0.0",
      "dev": true
    }
  }
}
