{
  "name": "supply-chain-scan-fixture",
  "version": "1.0.0",
  "lockfileVersion": 3,
  "requires": true,
  "packages": {
    "": {
      "name": "supply-chain-scan-fixture",
      "version": "1.0.0",
      "devDependencies": {
        "mastra": "1.13.1"
      }
    },
    "node_modules/mastra": {
      "version": "1.13.1",
      "dev": true
    }
  }
}
